
Microsoft Visual Studio Solution File, Format Version 12.00
# Visual Studio Version 17
VisualStudioVersion = 17.0.32014.148
MinimumVisualStudioVersion = 10.0.40219.1
Project("{FAE04EC0-301F-11D3-BF4B-00C04F79EFBC}") = "Atividade6", "Atividade6.csproj", "{26A0A3A5-922A-4539-A9E2-6FD275D6BB0A}"
EndProject
Global
	GlobalSection(SolutionConfigurationPlatforms) = preSolution
		Debug|Any CPU = Debug|Any CPU
		Release|Any CPU = Release|Any CPU
	EndGlobalSection
	GlobalSection(ProjectConfigurationPlatforms) = postSolution
		{26A0A3A5-922A-4539-A9E2-6FD275D6BB0A}.Debug|Any CPU.ActiveCfg = Debug|Any CPU
		{26A0A3A5-922A-4539-A9E2-6FD275D6BB0A}.Debug|Any CPU.Build.0 = Debug|Any CPU
		{26A0A3A5-922A-4539-A9E2-6FD275D6BB0A}.Release|Any CPU.ActiveCfg = Release|Any CPU
		{26A0A3A5-922A-4539-A9E2-6FD275D6BB0A}.Release|Any CPU.Build.0 = Release|Any CPU
	EndGlobalSection
	GlobalSection(SolutionProperties) = preSolution
		HideSolutionNode = FALSE
	EndGlobalSection
	GlobalSection(ExtensibilityGlobals) = postSolution
		SolutionGuid = {E057B0B1-8789-405D-8151-CA8D05650B42}
	EndGlobalSection
EndGlobal
